
Microsoft Visual Studio Solution File, Format Version 12.00
# Visual Studio Version 17
VisualStudioVersion = 17.3.32929.385
MinimumVisualStudioVersion = 10.0.40219.1
Project("{FAE04EC0-301F-11D3-BF4B-00C04F79EFBC}") = "Employee Details", "Employee Details\Employee Details.csproj", "{0B038076-FBE6-48D0-B3FB-D2325D4B535E}"
EndProject
Global
	GlobalSection(SolutionConfigurationPlatforms) = preSolution
		Debug|Any CPU = Debug|Any CPU
		Release|Any CPU = Release|Any CPU
	EndGlobalSection
	GlobalSection(ProjectConfigurationPlatforms) = postSolution
		{0B038076-FBE6-48D0-B3FB-D2325D4B535E}.Debug|Any CPU.ActiveCfg = Debug|Any CPU
		{0B038076-FBE6-48D0-B3FB-D2325D4B535E}.Debug|Any CPU.Build.0 = Debug|Any CPU
		{0B038076-FBE6-48D0-B3FB-D2325D4B535E}.Release|Any CPU.ActiveCfg = Release|Any CPU
		{0B038076-FBE6-48D0-B3FB-D2325D4B535E}.Release|Any CPU.Build.0 = Release|Any CPU
	EndGlobalSection
	GlobalSection(SolutionProperties) = preSolution
		HideSolutionNode = FALSE
	EndGlobalSection
	GlobalSection(ExtensibilityGlobals) = postSolution
		SolutionGuid = {2CAF3185-F33F-40F8-9BD4-0575A8E97109}
	EndGlobalSection
EndGlobal
